
Microsoft Visual Studio Solution File, Format Version 12.00
Project("{FAE04EC0-301F-11D3-BF4B-00C04F79EFBC}") = "AniListVisualizer", "AniListVisualizer\AniListVisualizer.csproj", "{5E9A6D7B-91D4-40D9-9C3A-6AC1BF7D0338}"
EndProject
Project("{FAE04EC0-301F-11D3-BF4B-00C04F79EFBC}") = "API", "src\API\API.csproj", "{DA8230B9-6E73-40DD-AE9C-FF15E20792AE}"
EndProject
Project("{FAE04EC0-301F-11D3-BF4B-00C04F79EFBC}") = "AniListNet", "src\AniListNet\src\AniListNet\AniListNet.csproj", "{86915FD0-260C-4238-BB09-8DB3266C6DF9}"
EndProject
Global
	GlobalSection(SolutionConfigurationPlatforms) = preSolution
		Debug|Any CPU = Debug|Any CPU
		Release|Any CPU = Release|Any CPU
	EndGlobalSection
	GlobalSection(ProjectConfigurationPlatforms) = postSolution
		{5E9A6D7B-91D4-40D9-9C3A-6AC1BF7D0338}.Debug|Any CPU.ActiveCfg = Debug|Any CPU
		{5E9A6D7B-91D4-40D9-9C3A-6AC1BF7D0338}.Debug|Any CPU.Build.0 = Debug|Any CPU
		{5E9A6D7B-91D4-40D9-9C3A-6AC1BF7D0338}.Release|Any CPU.ActiveCfg = Release|Any CPU
		{5E9A6D7B-91D4-40D9-9C3A-6AC1BF7D0338}.Release|Any CPU.Build.0 = Release|Any CPU
		{DA8230B9-6E73-40DD-AE9C-FF15E20792AE}.Debug|Any CPU.ActiveCfg = Debug|Any CPU
		{DA8230B9-6E73-40DD-AE9C-FF15E20792AE}.Debug|Any CPU.Build.0 = Debug|Any CPU
		{DA8230B9-6E73-40DD-AE9C-FF15E20792AE}.Release|Any CPU.ActiveCfg = Release|Any CPU
		{DA8230B9-6E73-40DD-AE9C-FF15E20792AE}.Release|Any CPU.Build.0 = Release|Any CPU
		{86915FD0-260C-4238-BB09-8DB3266C6DF9}.Debug|Any CPU.ActiveCfg = Debug|Any CPU
		{86915FD0-260C-4238-BB09-8DB3266C6DF9}.Debug|Any CPU.Build.0 = Debug|Any CPU
		{86915FD0-260C-4238-BB09-8DB3266C6DF9}.Release|Any CPU.ActiveCfg = Release|Any CPU
		{86915FD0-260C-4238-BB09-8DB3266C6DF9}.Release|Any CPU.Build.0 = Release|Any CPU
	EndGlobalSection
EndGlobal
